
Microsoft Visual Studio Solution File, Format Version 12.00
# Visual Studio Version 17
VisualStudioVersion = 17.2.32630.192
MinimumVisualStudioVersion = 10.0.40219.1
Project("{FAE04EC0-301F-11D3-BF4B-00C04F79EFBC}") = "ProjOrientacaoObjetos", "ProjOrientacaoObjetos\ProjOrientacaoObjetos.csproj", "{993C8DD3-F06A-443F-BF65-D2C64656AA28}"
EndProject
Global
	GlobalSection(SolutionConfigurationPlatforms) = preSolution
		Debug|Any CPU = Debug|Any CPU
		Release|Any CPU = Release|Any CPU
	EndGlobalSection
	GlobalSection(ProjectConfigurationPlatforms) = postSolution
		{993C8DD3-F06A-443F-BF65-D2C64656AA28}.Debug|Any CPU.ActiveCfg = Debug|Any CPU
		{993C8DD3-F06A-443F-BF65-D2C64656AA28}.Debug|Any CPU.Build.0 = Debug|Any CPU
		{993C8DD3-F06A-443F-BF65-D2C64656AA28}.Release|Any CPU.ActiveCfg = Release|Any CPU
		{993C8DD3-F06A-443F-BF65-D2C64656AA28}.Release|Any CPU.Build.0 = Release|Any CPU
	EndGlobalSection
	GlobalSection(SolutionProperties) = preSolution
		HideSolutionNode = FALSE
	EndGlobalSection
	GlobalSection(ExtensibilityGlobals) = postSolution
		SolutionGuid = {9489732D-1643-44C2-BB63-86FD4ED1944A}
	EndGlobalSection
EndGlobal
